
Microsoft Visual Studio Solution File, Format Version 12.00
# Visual Studio Version 17
VisualStudioVersion = 17.6.33829.357
MinimumVisualStudioVersion = 10.0.40219.1
Project("{FAE04EC0-301F-11D3-BF4B-00C04F79EFBC}") = "CarRentWeb", "CarRentWeb\CarRentWeb.csproj", "{344AE2A2-47D2-43F6-87B1-B7C273F12ED9}"
EndProject
Global
	GlobalSection(SolutionConfigurationPlatforms) = preSolution
		Debug|Any CPU = Debug|Any CPU
		Release|Any CPU = Release|Any CPU
	EndGlobalSection
	GlobalSection(ProjectConfigurationPlatforms) = postSolution
		{344AE2A2-47D2-43F6-87B1-B7C273F12ED9}.Debug|Any CPU.ActiveCfg = Debug|Any CPU
		{344AE2A2-47D2-43F6-87B1-B7C273F12ED9}.Debug|Any CPU.Build.0 = Debug|Any CPU
		{344AE2A2-47D2-43F6-87B1-B7C273F12ED9}.Release|Any CPU.ActiveCfg = Release|Any CPU
		{344AE2A2-47D2-43F6-87B1-B7C273F12ED9}.Release|Any CPU.Build.0 = Release|Any CPU
	EndGlobalSection
	GlobalSection(SolutionProperties) = preSolution
		HideSolutionNode = FALSE
	EndGlobalSection
	GlobalSection(ExtensibilityGlobals) = postSolution
		SolutionGuid = {E50724D5-CF2F-4693-A94D-FF11B2BDF02C}
	EndGlobalSection
EndGlobal
